
Microsoft Visual Studio Solution File, Format Version 12.00
Project("{FAE04EC0-301F-11D3-BF4B-00C04F79EFBC}") = "Victor_Ferreiras_P2_AP1", "Victor_Ferreiras_P2_AP1\Victor_Ferreiras_P2_AP1.csproj", "{036527DA-9957-45F6-9274-8F10E4F31DB1}"
EndProject
Global
	GlobalSection(SolutionConfigurationPlatforms) = preSolution
		Debug|Any CPU = Debug|Any CPU
		Release|Any CPU = Release|Any CPU
	EndGlobalSection
	GlobalSection(ProjectConfigurationPlatforms) = postSolution
		{036527DA-9957-45F6-9274-8F10E4F31DB1}.Debug|Any CPU.ActiveCfg = Debug|Any CPU
		{036527DA-9957-45F6-9274-8F10E4F31DB1}.Debug|Any CPU.Build.0 = Debug|Any CPU
		{036527DA-9957-45F6-9274-8F10E4F31DB1}.Release|Any CPU.ActiveCfg = Release|Any CPU
		{036527DA-9957-45F6-9274-8F10E4F31DB1}.Release|Any CPU.Build.0 = Release|Any CPU
	EndGlobalSection
EndGlobal
